// !$*UTF8*$!
{
	archiveVersion = 1;
	classes = {
	};
	objectVersion = 50;
	objects = {

/* Begin PBXBuildFile section */
		4B688CD0248BDD5D005F34DE /* AppDelegate.swift in Sources */ = {isa = PBXBuildFile; fileRef = 4B688CCF248BDD5D005F34DE /* AppDelegate.swift */; };
		4B688CD2248BDD5D005F34DE /* SceneDelegate.swift in Sources */ = {isa = PBXBuildFile; fileRef = 4B688CD1248BDD5D005F34DE /* SceneDelegate.swift */; };
		4B688CD4248BDD5D005F34DE /* ViewController.swift in Sources */ = {isa = PBXBuildFile; fileRef = 4B688CD3248BDD5D005F34DE /* ViewController.swift */; };
		4B688CD7248BDD5D005F34DE /* Main.storyboard in Resources */ = {isa = PBXBuildFile; fileRef = 4B688CD5248BDD5D005F34DE /* Main.storyboard */; };
		4B688CD9248BDD61005F34DE /* Assets.xcassets in Resources */ = {isa = PBXBuildFile; fileRef = 4B688CD8248BDD61005F34DE /* Assets.xcassets */; };
		4B688CDC248BDD61005F34DE /* LaunchScreen.storyboard in Resources */ = {isa = PBXBuildFile; fileRef = 4B688CDA248BDD61005F34DE /* LaunchScreen.storyboard */; };
		4B688CE4248BDD79005F34DE /* ContentProtocol.swift in Sources */ = {isa = PBXBuildFile; fileRef = 4B688CE3248BDD79005F34DE /* ContentProtocol.swift */; };
		4B688CE6248BE5E8005F34DE /* ContentTableView.swift in Sources */ = {isa = PBXBuildFile; fileRef = 4B688CE5248BE5E8005F34DE /* ContentTableView.swift */; };
		4B688CE9248C16C1005F34DE /* IconTitleDescView.swift in Sources */ = {isa = PBXBuildFile; fileRef = 4B688CE8248C16C1005F34DE /* IconTitleDescView.swift */; };
		4B7D173C24B0F9FE00DCFBEE /* Extentions.swift in Sources */ = {isa = PBXBuildFile; fileRef = 4B7D173B24B0F9FE00DCFBEE /* Extentions.swift */; };
		4B7D173E24B0FA2300DCFBEE /* ContentTabelCell.swift in Sources */ = {isa = PBXBuildFile; fileRef = 4B7D173D24B0FA2300DCFBEE /* ContentTabelCell.swift */; };
		4B7D174224B199EF00DCFBEE /* TitleDescViewData.swift in Sources */ = {isa = PBXBuildFile; fileRef = 4B7D174124B199EF00DCFBEE /* TitleDescViewData.swift */; };
		4B7D174424B19A1800DCFBEE /* ContentImageViewData.swift in Sources */ = {isa = PBXBuildFile; fileRef = 4B7D174324B19A1800DCFBEE /* ContentImageViewData.swift */; };
		4BF82479248C1C7F0020C180 /* ContentImageView.swift in Sources */ = {isa = PBXBuildFile; fileRef = 4BF82478248C1C7F0020C180 /* ContentImageView.swift */; };
		4BF8247C248C1DCF0020C180 /* NetworkService.swift in Sources */ = {isa = PBXBuildFile; fileRef = 4BF8247B248C1DCF0020C180 /* NetworkService.swift */; };
/* End PBXBuildFile section */

/* Begin PBXFileReference section */
		4B688CCC248BDD5D005F34DE /* Table.app */ = {isa = PBXFileReference; explicitFileType = wrapper.application; includeInIndex = 0; path = Table.app; sourceTree = BUILT_PRODUCTS_DIR; };
		4B688CCF248BDD5D005F34DE /* AppDelegate.swift */ = {isa = PBXFileReference; lastKnownFileType = sourcecode.swift; path = AppDelegate.swift; sourceTree = "<group>"; };
		4B688CD1248BDD5D005F34DE /* SceneDelegate.swift */ = {isa = PBXFileReference; lastKnownFileType = sourcecode.swift; path = SceneDelegate.swift; sourceTree = "<group>"; };
		4B688CD3248BDD5D005F34DE /* ViewController.swift */ = {isa = PBXFileReference; lastKnownFileType = sourcecode.swift; path = ViewController.swift; sourceTree = "<group>"; };
		4B688CD6248BDD5D005F34DE /* Base */ = {isa = PBXFileReference; lastKnownFileType = file.storyboard; name = Base; path = Base.lproj/Main.storyboard; sourceTree = "<group>"; };
		4B688CD8248BDD61005F34DE /* Assets.xcassets */ = {isa = PBXFileReference; lastKnownFileType = folder.assetcatalog; path = Assets.xcassets; sourceTree = "<group>"; };
		4B688CDB248BDD61005F34DE /* Base */ = {isa = PBXFileReference; lastKnownFileType = file.storyboard; name = Base; path = Base.lproj/LaunchScreen.storyboard; sourceTree = "<group>"; };
		4B688CDD248BDD61005F34DE /* Info.plist */ = {isa = PBXFileReference; lastKnownFileType = text.plist.xml; path = Info.plist; sourceTree = "<group>"; };
		4B688CE3248BDD79005F34DE /* ContentProtocol.swift */ = {isa = PBXFileReference; lastKnownFileType = sourcecode.swift; path = ContentProtocol.swift; sourceTree = "<group>"; };
		4B688CE5248BE5E8005F34DE /* ContentTableView.swift */ = {isa = PBXFileReference; lastKnownFileType = sourcecode.swift; path = ContentTableView.swift; sourceTree = "<group>"; };
		4B688CE8248C16C1005F34DE /* IconTitleDescView.swift */ = {isa = PBXFileReference; lastKnownFileType = sourcecode.swift; path = IconTitleDescView.swift; sourceTree = "<group>"; };
		4B7D173B24B0F9FE00DCFBEE /* Extentions.swift */ = {isa = PBXFileReference; lastKnownFileType = sourcecode.swift; path = Extentions.swift; sourceTree = "<group>"; };
		4B7D173D24B0FA2300DCFBEE /* ContentTabelCell.swift */ = {isa = PBXFileReference; lastKnownFileType = sourcecode.swift; path = ContentTabelCell.swift; sourceTree = "<group>"; };
		4B7D174124B199EF00DCFBEE /* TitleDescViewData.swift */ = {isa = PBXFileReference; lastKnownFileType = sourcecode.swift; path = TitleDescViewData.swift; sourceTree = "<group>"; };
		4B7D174324B19A1800DCFBEE /* ContentImageViewData.swift */ = {isa = PBXFileReference; lastKnownFileType = sourcecode.swift; path = ContentImageViewData.swift; sourceTree = "<group>"; };
		4BF82478248C1C7F0020C180 /* ContentImageView.swift */ = {isa = PBXFileReference; lastKnownFileType = sourcecode.swift; path = ContentImageView.swift; sourceTree = "<group>"; };
		4BF8247B248C1DCF0020C180 /* NetworkService.swift */ = {isa = PBXFileReference; lastKnownFileType = sourcecode.swift; path = NetworkService.swift; sourceTree = "<group>"; };
/* End PBXFileReference section */

/* Begin PBXFrameworksBuildPhase section */
		4B688CC9248BDD5D005F34DE /* Frameworks */ = {
			isa = PBXFrameworksBuildPhase;
			buildActionMask = 2147483647;
			files = (
			);
			runOnlyForDeploymentPostprocessing = 0;
		};
/* End PBXFrameworksBuildPhase section */

/* Begin PBXGroup section */
		4B688CC3248BDD5D005F34DE = {
			isa = PBXGroup;
			children = (
				4B688CCE248BDD5D005F34DE /* Table */,
				4B688CCD248BDD5D005F34DE /* Products */,
			);
			sourceTree = "<group>";
		};
		4B688CCD248BDD5D005F34DE /* Products */ = {
			isa = PBXGroup;
			children = (
				4B688CCC248BDD5D005F34DE /* Table.app */,
			);
			name = Products;
			sourceTree = "<group>";
		};
		4B688CCE248BDD5D005F34DE /* Table */ = {
			isa = PBXGroup;
			children = (
				4B7D173F24B199D400DCFBEE /* Model */,
				4B688CE7248C16AF005F34DE /* View */,
				4BF8247A248C1DBC0020C180 /* Service */,
				4B688CCF248BDD5D005F34DE /* AppDelegate.swift */,
				4B688CD1248BDD5D005F34DE /* SceneDelegate.swift */,
				4B688CD3248BDD5D005F34DE /* ViewController.swift */,
				4B688CD5248BDD5D005F34DE /* Main.storyboard */,
				4B688CD8248BDD61005F34DE /* Assets.xcassets */,
				4B688CDA248BDD61005F34DE /* LaunchScreen.storyboard */,
				4B688CDD248BDD61005F34DE /* Info.plist */,
				4B688CE3248BDD79005F34DE /* ContentProtocol.swift */,
				4B7D173D24B0FA2300DCFBEE /* ContentTabelCell.swift */,
				4B688CE5248BE5E8005F34DE /* ContentTableView.swift */,
				4B7D173B24B0F9FE00DCFBEE /* Extentions.swift */,
			);
			path = Table;
			sourceTree = "<group>";
		};
		4B688CE7248C16AF005F34DE /* View */ = {
			isa = PBXGroup;
			children = (
				4B688CE8248C16C1005F34DE /* IconTitleDescView.swift */,
				4BF82478248C1C7F0020C180 /* ContentImageView.swift */,
			);
			path = View;
			sourceTree = "<group>";
		};
		4B7D173F24B199D400DCFBEE /* Model */ = {
			isa = PBXGroup;
			children = (
				4B7D174124B199EF00DCFBEE /* TitleDescViewData.swift */,
				4B7D174324B19A1800DCFBEE /* ContentImageViewData.swift */,
			);
			path = Model;
			sourceTree = "<group>";
		};
		4BF8247A248C1DBC0020C180 /* Service */ = {
			isa = PBXGroup;
			children = (
				4BF8247B248C1DCF0020C180 /* NetworkService.swift */,
			);
			path = Service;
			sourceTree = "<group>";
		};
/* End PBXGroup section */

/* Begin PBXNativeTarget section */
		4B688CCB248BDD5D005F34DE /* Table */ = {
			isa = PBXNativeTarget;
			buildConfigurationList = 4B688CE0248BDD61005F34DE /* Build configuration list for PBXNativeTarget "Table" */;
			buildPhases = (
				4B688CC8248BDD5D005F34DE /* Sources */,
				4B688CC9248BDD5D005F34DE /* Frameworks */,
				4B688CCA248BDD5D005F34DE /* Resources */,
			);
			buildRules = (
			);
			dependencies = (
			);
			name = Table;
			productName = Table;
			productReference = 4B688CCC248BDD5D005F34DE /* Table.app */;
			productType = "com.apple.product-type.application";
		};
/* End PBXNativeTarget section */

/* Begin PBXProject section */
		4B688CC4248BDD5D005F34DE /* Project object */ = {
			isa = PBXProject;
			attributes = {
				LastSwiftUpdateCheck = 1140;
				LastUpgradeCheck = 1140;
				ORGANIZATIONNAME = Ankit.Agrawal;
				TargetAttributes = {
					4B688CCB248BDD5D005F34DE = {
						CreatedOnToolsVersion = 11.4.1;
					};
				};
			};
			buildConfigurationList = 4B688CC7248BDD5D005F34DE /* Build configuration list for PBXProject "Table" */;
			compatibilityVersion = "Xcode 9.3";
			developmentRegion = en;
			hasScannedForEncodings = 0;
			knownRegions = (
				en,
				Base,
			);
			mainGroup = 4B688CC3248BDD5D005F34DE;
			productRefGroup = 4B688CCD248BDD5D005F34DE /* Products */;
			projectDirPath = "";
			projectRoot = "";
			targets = (
				4B688CCB248BDD5D005F34DE /* Table */,
			);
		};
/* End PBXProject section */

/* Begin PBXResourcesBuildPhase section */
		4B688CCA248BDD5D005F34DE /* Resources */ = {
			isa = PBXResourcesBuildPhase;
			buildActionMask = 2147483647;
			files = (
				4B688CDC248BDD61005F34DE /* LaunchScreen.storyboard in Resources */,
				4B688CD9248BDD61005F34DE /* Assets.xcassets in Resources */,
				4B688CD7248BDD5D005F34DE /* Main.storyboard in Resources */,
			);
			runOnlyForDeploymentPostprocessing = 0;
		};
/* End PBXResourcesBuildPhase section */

/* Begin PBXSourcesBuildPhase section */
		4B688CC8248BDD5D005F34DE /* Sources */ = {
			isa = PBXSourcesBuildPhase;
			buildActionMask = 2147483647;
			files = (
				4B7D174424B19A1800DCFBEE /* ContentImageViewData.swift in Sources */,
				4B688CD4248BDD5D005F34DE /* ViewController.swift in Sources */,
				4B688CE4248BDD79005F34DE /* ContentProtocol.swift in Sources */,
				4BF8247C248C1DCF0020C180 /* NetworkService.swift in Sources */,
				4BF82479248C1C7F0020C180 /* ContentImageView.swift in Sources */,
				4B688CE9248C16C1005F34DE /* IconTitleDescView.swift in Sources */,
				4B688CD0248BDD5D005F34DE /* AppDelegate.swift in Sources */,
				4B688CD2248BDD5D005F34DE /* SceneDelegate.swift in Sources */,
				4B688CE6248BE5E8005F34DE /* ContentTableView.swift in Sources */,
				4B7D173E24B0FA2300DCFBEE /* ContentTabelCell.swift in Sources */,
				4B7D173C24B0F9FE00DCFBEE /* Extentions.swift in Sources */,
				4B7D174224B199EF00DCFBEE /* TitleDescViewData.swift in Sources */,
			);
			runOnlyForDeploymentPostprocessing = 0;
		};
/* End PBXSourcesBuildPhase section */

/* Begin PBXVariantGroup section */
		4B688CD5248BDD5D005F34DE /* Main.storyboard */ = {
			isa = PBXVariantGroup;
			children = (
				4B688CD6248BDD5D005F34DE /* Base */,
			);
			name = Main.storyboard;
			sourceTree = "<group>";
		};
		4B688CDA248BDD61005F34DE /* LaunchScreen.storyboard */ = {
			isa = PBXVariantGroup;
			children = (
				4B688CDB248BDD61005F34DE /* Base */,
			);
			name = LaunchScreen.storyboard;
			sourceTree = "<group>";
		};
/* End PBXVariantGroup section */

/* Begin XCBuildConfiguration section */
		4B688CDE248BDD61005F34DE /* Debug */ = {
			isa = XCBuildConfiguration;
			buildSettings = {
				ALWAYS_SEARCH_USER_PATHS = NO;
				CLANG_ANALYZER_NONNULL = YES;
				CLANG_ANALYZER_NUMBER_OBJECT_CONVERSION = YES_AGGRESSIVE;
				CLANG_CXX_LANGUAGE_STANDARD = "gnu++14";
				CLANG_CXX_LIBRARY = "libc++";
				CLANG_ENABLE_MODULES = YES;
				CLANG_ENABLE_OBJC_ARC = YES;
				CLANG_ENABLE_OBJC_WEAK = YES;
				CLANG_WARN_BLOCK_CAPTURE_AUTORELEASING = YES;
				CLANG_WARN_BOOL_CONVERSION = YES;
				CLANG_WARN_COMMA = YES;
				CLANG_WARN_CONSTANT_CONVERSION = YES;
				CLANG_WARN_DEPRECATED_OBJC_IMPLEMENTATIONS = YES;
				CLANG_WARN_DIRECT_OBJC_ISA_USAGE = YES_ERROR;
				CLANG_WARN_DOCUMENTATION_COMMENTS = YES;
				CLANG_WARN_EMPTY_BODY = YES;
				CLANG_WARN_ENUM_CONVERSION = YES;
				CLANG_WARN_INFINITE_RECURSION = YES;
				CLANG_WARN_INT_CONVERSION = YES;
				CLANG_WARN_NON_LITERAL_NULL_CONVERSION = YES;
				CLANG_WARN_OBJC_IMPLICIT_RETAIN_SELF = YES;
				CLANG_WARN_OBJC_LITERAL_CONVERSION = YES;
				CLANG_WARN_OBJC_ROOT_CLASS = YES_ERROR;
				CLANG_WARN_RANGE_LOOP_ANALYSIS = YES;
				CLANG_WARN_STRICT_PROTOTYPES = YES;
				CLANG_WARN_SUSPICIOUS_MOVE = YES;
				CLANG_WARN_UNGUARDED_AVAILABILITY = YES_AGGRESSIVE;
				CLANG_WARN_UNREACHABLE_CODE = YES;
				CLANG_WARN__DUPLICATE_METHOD_MATCH = YES;
				COPY_PHASE_STRIP = NO;
				DEBUG_INFORMATION_FORMAT = dwarf;
				ENABLE_STRICT_OBJC_MSGSEND = YES;
				ENABLE_TESTABILITY = YES;
				GCC_C_LANGUAGE_STANDARD = gnu11;
				GCC_DYNAMIC_NO_PIC = NO;
				GCC_NO_COMMON_BLOCKS = YES;
				GCC_OPTIMIZATION_LEVEL = 0;
				GCC_PREPROCESSOR_DEFINITIONS = (
					"DEBUG=1",
					"$(inherited)",
				);
				GCC_WARN_64_TO_32_BIT_CONVERSION = YES;
				GCC_WARN_ABOUT_RETURN_TYPE = YES_ERROR;
				GCC_WARN_UNDECLARED_SELECTOR = YES;
				GCC_WARN_UNINITIALIZED_AUTOS = YES_AGGRESSIVE;
				GCC_WARN_UNUSED_FUNCTION = YES;
				GCC_WARN_UNUSED_VARIABLE = YES;
				IPHONEOS_DEPLOYMENT_TARGET = 13.4;
				MTL_ENABLE_DEBUG_INFO = INCLUDE_SOURCE;
				MTL_FAST_MATH = YES;
				ONLY_ACTIVE_ARCH = YES;
				SDKROOT = iphoneos;
				SWIFT_ACTIVE_COMPILATION_CONDITIONS = DEBUG;
				SWIFT_OPTIMIZATION_LEVEL = "-Onone";
			};
			name = Debug;
		};
		4B688CDF248BDD61005F34DE /* Release */ = {
			isa = XCBuildConfiguration;
			buildSettings = {
				ALWAYS_SEARCH_USER_PATHS = NO;
				CLANG_ANALYZER_NONNULL = YES;
				CLANG_ANALYZER_NUMBER_OBJECT_CONVERSION = YES_AGGRESSIVE;
				CLANG_CXX_LANGUAGE_STANDARD = "gnu++14";
				CLANG_CXX_LIBRARY = "libc++";
				CLANG_ENABLE_MODULES = YES;
				CLANG_ENABLE_OBJC_ARC = YES;
				CLANG_ENABLE_OBJC_WEAK = YES;
				CLANG_WARN_BLOCK_CAPTURE_AUTORELEASING = YES;
				CLANG_WARN_BOOL_CONVERSION = YES;
				CLANG_WARN_COMMA = YES;
				CLANG_WARN_CONSTANT_CONVERSION = YES;
				CLANG_WARN_DEPRECATED_OBJC_IMPLEMENTATIONS = YES;
				CLANG_WARN_DIRECT_OBJC_ISA_USAGE = YES_ERROR;
				CLANG_WARN_DOCUMENTATION_COMMENTS = YES;
				CLANG_WARN_EMPTY_BODY = YES;
				CLANG_WARN_ENUM_CONVERSION = YES;
				CLANG_WARN_INFINITE_RECURSION = YES;
				CLANG_WARN_INT_CONVERSION = YES;
				CLANG_WARN_NON_LITERAL_NULL_CONVERSION = YES;
				CLANG_WARN_OBJC_IMPLICIT_RETAIN_SELF = YES;
				CLANG_WARN_OBJC_LITERAL_CONVERSION = YES;
				CLANG_WARN_OBJC_ROOT_CLASS = YES_ERROR;
				CLANG_WARN_RANGE_LOOP_ANALYSIS = YES;
				CLANG_WARN_STRICT_PROTOTYPES = YES;
				CLANG_WARN_SUSPICIOUS_MOVE = YES;
				CLANG_WARN_UNGUARDED_AVAILABILITY = YES_AGGRESSIVE;
				CLANG_WARN_UNREACHABLE_CODE = YES;
				CLANG_WARN__DUPLICATE_METHOD_MATCH = YES;
				COPY_PHASE_STRIP = NO;
				DEBUG_INFORMATION_FORMAT = "dwarf-with-dsym";
				ENABLE_NS_ASSERTIONS = NO;
				ENABLE_STRICT_OBJC_MSGSEND = YES;
				GCC_C_LANGUAGE_STANDARD = gnu11;
				GCC_NO_COMMON_BLOCKS = YES;
				GCC_WARN_64_TO_32_BIT_CONVERSION = YES;
				GCC_WARN_ABOUT_RETURN_TYPE = YES_ERROR;
				GCC_WARN_UNDECLARED_SELECTOR = YES;
				GCC_WARN_UNINITIALIZED_AUTOS = YES_AGGRESSIVE;
				GCC_WARN_UNUSED_FUNCTION = YES;
				GCC_WARN_UNUSED_VARIABLE = YES;
				IPHONEOS_DEPLOYMENT_TARGET = 13.4;
				MTL_ENABLE_DEBUG_INFO = NO;
				MTL_FAST_MATH = YES;
				SDKROOT = iphoneos;
				SWIFT_COMPILATION_MODE = wholemodule;
				SWIFT_OPTIMIZATION_LEVEL = "-O";
				VALIDATE_PRODUCT = YES;
			};
			name = Release;
		};
		4B688CE1248BDD61005F34DE /* Debug */ = {
			isa = XCBuildConfiguration;
			buildSettings = {
				ASSETCATALOG_COMPILER_APPICON_NAME = AppIcon;
				CODE_SIGN_STYLE = Automatic;
				DEVELOPMENT_TEAM = 2W4KC69MHU;
				INFOPLIST_FILE = Table/Info.plist;
				LD_RUNPATH_SEARCH_PATHS = (
					"$(inherited)",
					"@executable_path/Frameworks",
				);
				PRODUCT_BUNDLE_IDENTIFIER = com.apr.Table;
				PRODUCT_NAME = "$(TARGET_NAME)";
				SWIFT_VERSION = 5.0;
				TARGETED_DEVICE_FAMILY = "1,2";
			};
			name = Debug;
		};
		4B688CE2248BDD61005F34DE /* Release */ = {
			isa = XCBuildConfiguration;
			buildSettings = {
				ASSETCATALOG_COMPILER_APPICON_NAME = AppIcon;
				CODE_SIGN_STYLE = Automatic;
				DEVELOPMENT_TEAM = 2W4KC69MHU;
				INFOPLIST_FILE = Table/Info.plist;
				LD_RUNPATH_SEARCH_PATHS = (
					"$(inherited)",
					"@executable_path/Frameworks",
				);
				PRODUCT_BUNDLE_IDENTIFIER = com.apr.Table;
				PRODUCT_NAME = "$(TARGET_NAME)";
				SWIFT_VERSION = 5.0;
				TARGETED_DEVICE_FAMILY = "1,2";
			};
			name = Release;
		};
/* End XCBuildConfiguration section */

/* Begin XCConfigurationList section */
		4B688CC7248BDD5D005F34DE /* Build configuration list for PBXProject "Table" */ = {
			isa = XCConfigurationList;
			buildConfigurations = (
				4B688CDE248BDD61005F34DE /* Debug */,
				4B688CDF248BDD61005F34DE /* Release */,
			);
			defaultConfigurationIsVisible = 0;
			defaultConfigurationName = Release;
		};
		4B688CE0248BDD61005F34DE /* Build configuration list for PBXNativeTarget "Table" */ = {
			isa = XCConfigurationList;
			buildConfigurations = (
				4B688CE1248BDD61005F34DE /* Debug */,
				4B688CE2248BDD61005F34DE /* Release */,
			);
			defaultConfigurationIsVisible = 0;
			defaultConfigurationName = Release;
		};
/* End XCConfigurationList section */
	};
	rootObject = 4B688CC4248BDD5D005F34DE /* Project object */;
}
